# This file was autogenerated by Stack.
# You should not edit this file by hand.
# For more information, please see the documentation at:
#   https://docs.haskellstack.org/en/stable/lock_files

packages:
- completed:
    hackage: bytestring-delta-0.1.0.1@sha256:6c6de01d5b99e77eb3e59942dc7d2b30c54549f47f049a742bcbe45d3b3ea373,1702
    pantry-tree:
      size: 371
      sha256: 97584bda0eac75c406f6a4ba645a2f9f8f3c117f43256044343611cb03f3525f
  original:
    hackage: bytestring-delta-0.1.0.1
snapshots:
- completed:
    size: 492015
    url: https://raw.githubusercontent.com/commercialhaskell/stackage-snapshots/master/lts/15/8.yaml
    sha256: 926bc3d70249dd0ba05277ff00943c0addb35b627cb641752669e7cf771310d0
  original: lts-15.8
