# This file was autogenerated by Stack.
# You should not edit this file by hand.
# For more information, please see the documentation at:
#   https://docs.haskellstack.org/en/stable/lock_files

packages:
- completed:
    hackage: bytestring-delta-0.1.0.1@sha256:6c6de01d5b99e77eb3e59942dc7d2b30c54549f47f049a742bcbe45d3b3ea373,1702
    pantry-tree:
      size: 371
      sha256: 97584bda0eac75c406f6a4ba645a2f9f8f3c117f43256044343611cb03f3525f
  original:
    hackage: bytestring-delta-0.1.0.1
- completed:
    hackage: google-oauth2-jwt-0.3.2@sha256:4fc35d30ffc5f762bc1fc570e7cbb94bde268b40f0f822ba7ed9161fefbd9293,1349
    pantry-tree:
      size: 282
      sha256: 88e9f2c7da298d850f1cbfd23148b5c856bf7e22b73f930b9270580c8f7ae512
  original:
    hackage: google-oauth2-jwt-0.3.2@sha256:4fc35d30ffc5f762bc1fc570e7cbb94bde268b40f0f822ba7ed9161fefbd9293,1349
snapshots:
- completed:
    size: 491373
    url: https://raw.githubusercontent.com/commercialhaskell/stackage-snapshots/master/lts/15/3.yaml
    sha256: 29e9ff61b8bf4b4fcff55cde3ac106ebb971f0d21331dccac9eee63374fa6ca8
  original: lts-15.3
